
Microsoft Visual Studio Solution File, Format Version 12.00
# Visual Studio 14
VisualStudioVersion = 14.0.25420.1
MinimumVisualStudioVersion = 10.0.40219.1
Project("{FAE04EC0-301F-11D3-BF4B-00C04F79EFBC}") = "MetroUIexemplo", "MetroUIexemplo\MetroUIexemplo.csproj", "{AEF0E404-B678-4904-BDAB-03D4B8A97366}"
EndProject
Global
	GlobalSection(SolutionConfigurationPlatforms) = preSolution
		Debug|Any CPU = Debug|Any CPU
		Release|Any CPU = Release|Any CPU
	EndGlobalSection
	GlobalSection(ProjectConfigurationPlatforms) = postSolution
		{AEF0E404-B678-4904-BDAB-03D4B8A97366}.Debug|Any CPU.ActiveCfg = Debug|Any CPU
		{AEF0E404-B678-4904-BDAB-03D4B8A97366}.Debug|Any CPU.Build.0 = Debug|Any CPU
		{AEF0E404-B678-4904-BDAB-03D4B8A97366}.Release|Any CPU.ActiveCfg = Release|Any CPU
		{AEF0E404-B678-4904-BDAB-03D4B8A97366}.Release|Any CPU.Build.0 = Release|Any CPU
	EndGlobalSection
	GlobalSection(SolutionProperties) = preSolution
		HideSolutionNode = FALSE
	EndGlobalSection
EndGlobal
